{
  "nodes": {
    "flake-parts": {
      "inputs": {
        "nixpkgs-lib": [
          "nixpkgs"
        ]
      },
      "locked": {
        "lastModified": 1788450739,
        "narHash": "sha256-glZLQlzIn1fXH6PazR2iUmTo7kzzyYSshrWhLS9TqCU=",
        "owner": "hercules-ci",
        "repo": "flake-parts",
        "rev": "31729ca8cbdb4fa927b34e5f4353e6a83f39e993",
        "type": "github"
      },
      "original": {
        "owner": "hercules-ci",
        "repo": "flake-parts",
        "type": "github"
      }
    },
    "nixpkgs": {
      "locked": {
        "lastModified": 1789059138,
        "narHash": "sha256-eBd0E0hSPM2WdMKXk5p4Zpc1zThQ4eSxtNBdnrbt2OI=",
        "owner": "NixOS",
        "repo": "nixpkgs",
        "rev": "80674889b1a4e0467cee21e6a2dfbff92d8be30a",
        "type": "github"
      },
      "original": {
        "owner": "NixOS",
        "repo": "nixpkgs",
        "type": "github"
      }
    },
    "root": {
      "inputs": {
        "flake-parts": "flake-parts",
        "nixpkgs": "nixpkgs"
      }
    }
  },
  "root": "root",
  "version": 7
}
